
Microsoft Visual Studio Solution File, Format Version 12.00
# Visual Studio Version 17
VisualStudioVersion = 17.1.32421.90
MinimumVisualStudioVersion = 10.0.40219.1
Project("{FAE04EC0-301F-11D3-BF4B-00C04F79EFBC}") = "WorkSchedule.Data", "WorkSchedule.Data\WorkSchedule.Data.csproj", "{C82EF9A8-C024-4526-8F02-1EADC5651B44}"
EndProject
Global
	GlobalSection(SolutionConfigurationPlatforms) = preSolution
		Debug|Any CPU = Debug|Any CPU
		Release|Any CPU = Release|Any CPU
	EndGlobalSection
	GlobalSection(ProjectConfigurationPlatforms) = postSolution
		{C82EF9A8-C024-4526-8F02-1EADC5651B44}.Debug|Any CPU.ActiveCfg = Debug|Any CPU
		{C82EF9A8-C024-4526-8F02-1EADC5651B44}.Debug|Any CPU.Build.0 = Debug|Any CPU
		{C82EF9A8-C024-4526-8F02-1EADC5651B44}.Release|Any CPU.ActiveCfg = Release|Any CPU
		{C82EF9A8-C024-4526-8F02-1EADC5651B44}.Release|Any CPU.Build.0 = Release|Any CPU
	EndGlobalSection
	GlobalSection(SolutionProperties) = preSolution
		HideSolutionNode = FALSE
	EndGlobalSection
	GlobalSection(ExtensibilityGlobals) = postSolution
		SolutionGuid = {81CFD83B-F0D8-4E2B-B44F-4E0203E9CB27}
	EndGlobalSection
EndGlobal
